
Microsoft Visual Studio Solution File, Format Version 12.00
# Visual Studio Version 17
VisualStudioVersion = 17.9.34616.47
MinimumVisualStudioVersion = 10.0.40219.1
Project("{FAE04EC0-301F-11D3-BF4B-00C04F79EFBC}") = "NextBasket", "NextBasket\NextBasket.csproj", "{B11CF512-BB60-43BB-877B-F50523F96292}"
EndProject
Project("{FAE04EC0-301F-11D3-BF4B-00C04F79EFBC}") = "SpecFlowProject.Specs", "SpecFlowProject.Specs\SpecFlowProject.Specs.csproj", "{6612C77E-4F62-4527-AB75-81F042309C24}"
EndProject
Global
	GlobalSection(SolutionConfigurationPlatforms) = preSolution
		Debug|Any CPU = Debug|Any CPU
		Release|Any CPU = Release|Any CPU
	EndGlobalSection
	GlobalSection(ProjectConfigurationPlatforms) = postSolution
		{B11CF512-BB60-43BB-877B-F50523F96292}.Debug|Any CPU.ActiveCfg = Debug|Any CPU
		{B11CF512-BB60-43BB-877B-F50523F96292}.Debug|Any CPU.Build.0 = Debug|Any CPU
		{B11CF512-BB60-43BB-877B-F50523F96292}.Release|Any CPU.ActiveCfg = Release|Any CPU
		{B11CF512-BB60-43BB-877B-F50523F96292}.Release|Any CPU.Build.0 = Release|Any CPU
		{6612C77E-4F62-4527-AB75-81F042309C24}.Debug|Any CPU.ActiveCfg = Debug|Any CPU
		{6612C77E-4F62-4527-AB75-81F042309C24}.Debug|Any CPU.Build.0 = Debug|Any CPU
		{6612C77E-4F62-4527-AB75-81F042309C24}.Release|Any CPU.ActiveCfg = Release|Any CPU
		{6612C77E-4F62-4527-AB75-81F042309C24}.Release|Any CPU.Build.0 = Release|Any CPU
	EndGlobalSection
	GlobalSection(SolutionProperties) = preSolution
		HideSolutionNode = FALSE
	EndGlobalSection
	GlobalSection(ExtensibilityGlobals) = postSolution
		SolutionGuid = {E5082E05-E8CB-4881-BA4A-F88A08E35BF9}
	EndGlobalSection
EndGlobal
